
Microsoft Visual Studio Solution File, Format Version 11.00
# Visual Studio 2010
Project("{FAE04EC0-301F-11D3-BF4B-00C04F79EFBC}") = "Anima-03", "Assembly-CSharp.csproj", "{208B54B3-5AC7-8C65-2073-7802AC801330}"
EndProject
Global
	GlobalSection(SolutionConfigurationPlatforms) = preSolution
		Debug|Any CPU = Debug|Any CPU
		Release|Any CPU = Release|Any CPU
	EndGlobalSection
	GlobalSection(ProjectConfigurationPlatforms) = postSolution
		{208B54B3-5AC7-8C65-2073-7802AC801330}.Debug|Any CPU.ActiveCfg = Debug|Any CPU
		{208B54B3-5AC7-8C65-2073-7802AC801330}.Debug|Any CPU.Build.0 = Debug|Any CPU
		{208B54B3-5AC7-8C65-2073-7802AC801330}.Release|Any CPU.ActiveCfg = Release|Any CPU
		{208B54B3-5AC7-8C65-2073-7802AC801330}.Release|Any CPU.Build.0 = Release|Any CPU
	EndGlobalSection
	GlobalSection(SolutionProperties) = preSolution
		HideSolutionNode = FALSE
	EndGlobalSection
	GlobalSection(MonoDevelopProperties) = preSolution
		StartupItem = Assembly-CSharp.csproj
	EndGlobalSection
EndGlobal
